
Microsoft Visual Studio Solution File, Format Version 12.00
# Visual Studio Version 17
VisualStudioVersion = 17.12.35506.116 d17.12
MinimumVisualStudioVersion = 10.0.40219.1
Project("{FAE04EC0-301F-11D3-BF4B-00C04F79EFBC}") = "LossCalculate1", "LossCalculate1.csproj", "{6614DD8F-4338-48D4-A17E-BA90A341F242}"
EndProject
Global
	GlobalSection(SolutionConfigurationPlatforms) = preSolution
		Debug|Any CPU = Debug|Any CPU
		Release|Any CPU = Release|Any CPU
	EndGlobalSection
	GlobalSection(ProjectConfigurationPlatforms) = postSolution
		{6614DD8F-4338-48D4-A17E-BA90A341F242}.Debug|Any CPU.ActiveCfg = Debug|Any CPU
		{6614DD8F-4338-48D4-A17E-BA90A341F242}.Debug|Any CPU.Build.0 = Debug|Any CPU
		{6614DD8F-4338-48D4-A17E-BA90A341F242}.Release|Any CPU.ActiveCfg = Release|Any CPU
		{6614DD8F-4338-48D4-A17E-BA90A341F242}.Release|Any CPU.Build.0 = Release|Any CPU
	EndGlobalSection
	GlobalSection(SolutionProperties) = preSolution
		HideSolutionNode = FALSE
	EndGlobalSection
EndGlobal
